// !$*UTF8*$!
{
	archiveVersion = 1;
	classes = {
	};
	objectVersion = 56;
	objects = {

/* Begin PBXBuildFile section */
		09C644362AA9C92500562EC3 /* TCAGithubSearchTests.swift in Sources */ = {isa = PBXBuildFile; fileRef = 09C644352AA9C92500562EC3 /* TCAGithubSearchTests.swift */; };
		09CE69702AA9AE8E0015F3F1 /* TCAGithubSearchApp.swift in Sources */ = {isa = PBXBuildFile; fileRef = 09CE696F2AA9AE8E0015F3F1 /* TCAGithubSearchApp.swift */; };
		09CE69722AA9AE8E0015F3F1 /* GithubSearchView.swift in Sources */ = {isa = PBXBuildFile; fileRef = 09CE69712AA9AE8E0015F3F1 /* GithubSearchView.swift */; };
		09CE69742AA9AE8F0015F3F1 /* Assets.xcassets in Resources */ = {isa = PBXBuildFile; fileRef = 09CE69732AA9AE8F0015F3F1 /* Assets.xcassets */; };
		09CE69782AA9AE8F0015F3F1 /* Preview Assets.xcassets in Resources */ = {isa = PBXBuildFile; fileRef = 09CE69772AA9AE8F0015F3F1 /* Preview Assets.xcassets */; };
		09CE69812AA9AFAE0015F3F1 /* APIErrror.swift in Sources */ = {isa = PBXBuildFile; fileRef = 09CE69802AA9AFAE0015F3F1 /* APIErrror.swift */; };
		09CE69832AA9B0350015F3F1 /* SearchEntity.swift in Sources */ = {isa = PBXBuildFile; fileRef = 09CE69822AA9B0350015F3F1 /* SearchEntity.swift */; };
		09CE69872AA9B26B0015F3F1 /* ComposableArchitecture in Frameworks */ = {isa = PBXBuildFile; productRef = 09CE69862AA9B26B0015F3F1 /* ComposableArchitecture */; };
		09CE69892AA9B2940015F3F1 /* SearchStore.swift in Sources */ = {isa = PBXBuildFile; fileRef = 09CE69882AA9B2940015F3F1 /* SearchStore.swift */; };
		09CE698F2AA9B35D0015F3F1 /* SearchClient.swift in Sources */ = {isa = PBXBuildFile; fileRef = 09CE698E2AA9B35D0015F3F1 /* SearchClient.swift */; };
/* End PBXBuildFile section */

/* Begin PBXContainerItemProxy section */
		09C644372AA9C92500562EC3 /* PBXContainerItemProxy */ = {
			isa = PBXContainerItemProxy;
			containerPortal = 09CE69642AA9AE8E0015F3F1 /* Project object */;
			proxyType = 1;
			remoteGlobalIDString = 09CE696B2AA9AE8E0015F3F1;
			remoteInfo = TCAGithubSearch;
		};
/* End PBXContainerItemProxy section */

/* Begin PBXFileReference section */
		09C644332AA9C92500562EC3 /* TCAGithubSearchTests.xctest */ = {isa = PBXFileReference; explicitFileType = wrapper.cfbundle; includeInIndex = 0; path = TCAGithubSearchTests.xctest; sourceTree = BUILT_PRODUCTS_DIR; };
		09C644352AA9C92500562EC3 /* TCAGithubSearchTests.swift */ = {isa = PBXFileReference; lastKnownFileType = sourcecode.swift; path = TCAGithubSearchTests.swift; sourceTree = "<group>"; };
		09CE696C2AA9AE8E0015F3F1 /* TCAGithubSearch.app */ = {isa = PBXFileReference; explicitFileType = wrapper.application; includeInIndex = 0; path = TCAGithubSearch.app; sourceTree = BUILT_PRODUCTS_DIR; };
		09CE696F2AA9AE8E0015F3F1 /* TCAGithubSearchApp.swift */ = {isa = PBXFileReference; lastKnownFileType = sourcecode.swift; path = TCAGithubSearchApp.swift; sourceTree = "<group>"; };
		09CE69712AA9AE8E0015F3F1 /* GithubSearchView.swift */ = {isa = PBXFileReference; lastKnownFileType = sourcecode.swift; path = GithubSearchView.swift; sourceTree = "<group>"; };
		09CE69732AA9AE8F0015F3F1 /* Assets.xcassets */ = {isa = PBXFileReference; lastKnownFileType = folder.assetcatalog; path = Assets.xcassets; sourceTree = "<group>"; };
		09CE69752AA9AE8F0015F3F1 /* TCAGithubSearch.entitlements */ = {isa = PBXFileReference; lastKnownFileType = text.plist.entitlements; path = TCAGithubSearch.entitlements; sourceTree = "<group>"; };
		09CE69772AA9AE8F0015F3F1 /* Preview Assets.xcassets */ = {isa = PBXFileReference; lastKnownFileType = folder.assetcatalog; path = "Preview Assets.xcassets"; sourceTree = "<group>"; };
		09CE69802AA9AFAE0015F3F1 /* APIErrror.swift */ = {isa = PBXFileReference; lastKnownFileType = sourcecode.swift; path = APIErrror.swift; sourceTree = "<group>"; };
		09CE69822AA9B0350015F3F1 /* SearchEntity.swift */ = {isa = PBXFileReference; lastKnownFileType = sourcecode.swift; path = SearchEntity.swift; sourceTree = "<group>"; };
		09CE69882AA9B2940015F3F1 /* SearchStore.swift */ = {isa = PBXFileReference; lastKnownFileType = sourcecode.swift; path = SearchStore.swift; sourceTree = "<group>"; };
		09CE698E2AA9B35D0015F3F1 /* SearchClient.swift */ = {isa = PBXFileReference; lastKnownFileType = sourcecode.swift; path = SearchClient.swift; sourceTree = "<group>"; };
/* End PBXFileReference section */

/* Begin PBXFrameworksBuildPhase section */
		09C644302AA9C92500562EC3 /* Frameworks */ = {
			isa = PBXFrameworksBuildPhase;
			buildActionMask = 2147483647;
			files = (
			);
			runOnlyForDeploymentPostprocessing = 0;
		};
		09CE69692AA9AE8E0015F3F1 /* Frameworks */ = {
			isa = PBXFrameworksBuildPhase;
			buildActionMask = 2147483647;
			files = (
				09CE69872AA9B26B0015F3F1 /* ComposableArchitecture in Frameworks */,
			);
			runOnlyForDeploymentPostprocessing = 0;
		};
/* End PBXFrameworksBuildPhase section */

/* Begin PBXGroup section */
		09C644342AA9C92500562EC3 /* TCAGithubSearchTests */ = {
			isa = PBXGroup;
			children = (
				09C644352AA9C92500562EC3 /* TCAGithubSearchTests.swift */,
			);
			path = TCAGithubSearchTests;
			sourceTree = "<group>";
		};
		09CE69632AA9AE8E0015F3F1 = {
			isa = PBXGroup;
			children = (
				09CE696E2AA9AE8E0015F3F1 /* TCAGithubSearch */,
				09C644342AA9C92500562EC3 /* TCAGithubSearchTests */,
				09CE696D2AA9AE8E0015F3F1 /* Products */,
			);
			sourceTree = "<group>";
		};
		09CE696D2AA9AE8E0015F3F1 /* Products */ = {
			isa = PBXGroup;
			children = (
				09CE696C2AA9AE8E0015F3F1 /* TCAGithubSearch.app */,
				09C644332AA9C92500562EC3 /* TCAGithubSearchTests.xctest */,
			);
			name = Products;
			sourceTree = "<group>";
		};
		09CE696E2AA9AE8E0015F3F1 /* TCAGithubSearch */ = {
			isa = PBXGroup;
			children = (
				09CE69902AA9C2FB0015F3F1 /* SearchFeature */,
				09CE698C2AA9B2D60015F3F1 /* Core */,
				09CE698B2AA9B2CC0015F3F1 /* App */,
				09CE69732AA9AE8F0015F3F1 /* Assets.xcassets */,
				09CE69752AA9AE8F0015F3F1 /* TCAGithubSearch.entitlements */,
				09CE69762AA9AE8F0015F3F1 /* Preview Content */,
			);
			path = TCAGithubSearch;
			sourceTree = "<group>";
		};
		09CE69762AA9AE8F0015F3F1 /* Preview Content */ = {
			isa = PBXGroup;
			children = (
				09CE69772AA9AE8F0015F3F1 /* Preview Assets.xcassets */,
			);
			path = "Preview Content";
			sourceTree = "<group>";
		};
		09CE697E2AA9AEB70015F3F1 /* Entity */ = {
			isa = PBXGroup;
			children = (
				09CE69822AA9B0350015F3F1 /* SearchEntity.swift */,
			);
			path = Entity;
			sourceTree = "<group>";
		};
		09CE697F2AA9AEC70015F3F1 /* View */ = {
			isa = PBXGroup;
			children = (
				09CE69712AA9AE8E0015F3F1 /* GithubSearchView.swift */,
			);
			path = View;
			sourceTree = "<group>";
		};
		09CE698A2AA9B2C00015F3F1 /* Store */ = {
			isa = PBXGroup;
			children = (
				09CE69882AA9B2940015F3F1 /* SearchStore.swift */,
			);
			path = Store;
			sourceTree = "<group>";
		};
		09CE698B2AA9B2CC0015F3F1 /* App */ = {
			isa = PBXGroup;
			children = (
				09CE696F2AA9AE8E0015F3F1 /* TCAGithubSearchApp.swift */,
			);
			path = App;
			sourceTree = "<group>";
		};
		09CE698C2AA9B2D60015F3F1 /* Core */ = {
			isa = PBXGroup;
			children = (
				09CE69802AA9AFAE0015F3F1 /* APIErrror.swift */,
				09CE698E2AA9B35D0015F3F1 /* SearchClient.swift */,
			);
			path = Core;
			sourceTree = "<group>";
		};
		09CE69902AA9C2FB0015F3F1 /* SearchFeature */ = {
			isa = PBXGroup;
			children = (
				09CE697E2AA9AEB70015F3F1 /* Entity */,
				09CE697F2AA9AEC70015F3F1 /* View */,
				09CE698A2AA9B2C00015F3F1 /* Store */,
			);
			path = SearchFeature;
			sourceTree = "<group>";
		};
/* End PBXGroup section */

/* Begin PBXNativeTarget section */
		09C644322AA9C92500562EC3 /* TCAGithubSearchTests */ = {
			isa = PBXNativeTarget;
			buildConfigurationList = 09C6443B2AA9C92500562EC3 /* Build configuration list for PBXNativeTarget "TCAGithubSearchTests" */;
			buildPhases = (
				09C6442F2AA9C92500562EC3 /* Sources */,
				09C644302AA9C92500562EC3 /* Frameworks */,
				09C644312AA9C92500562EC3 /* Resources */,
			);
			buildRules = (
			);
			dependencies = (
				09C644382AA9C92500562EC3 /* PBXTargetDependency */,
			);
			name = TCAGithubSearchTests;
			productName = TCAGithubSearchTests;
			productReference = 09C644332AA9C92500562EC3 /* TCAGithubSearchTests.xctest */;
			productType = "com.apple.product-type.bundle.unit-test";
		};
		09CE696B2AA9AE8E0015F3F1 /* TCAGithubSearch */ = {
			isa = PBXNativeTarget;
			buildConfigurationList = 09CE697B2AA9AE8F0015F3F1 /* Build configuration list for PBXNativeTarget "TCAGithubSearch" */;
			buildPhases = (
				09CE69682AA9AE8E0015F3F1 /* Sources */,
				09CE69692AA9AE8E0015F3F1 /* Frameworks */,
				09CE696A2AA9AE8E0015F3F1 /* Resources */,
			);
			buildRules = (
			);
			dependencies = (
			);
			name = TCAGithubSearch;
			packageProductDependencies = (
				09CE69862AA9B26B0015F3F1 /* ComposableArchitecture */,
			);
			productName = TCAGithubSearch;
			productReference = 09CE696C2AA9AE8E0015F3F1 /* TCAGithubSearch.app */;
			productType = "com.apple.product-type.application";
		};
/* End PBXNativeTarget section */

/* Begin PBXProject section */
		09CE69642AA9AE8E0015F3F1 /* Project object */ = {
			isa = PBXProject;
			attributes = {
				BuildIndependentTargetsInParallel = 1;
				LastSwiftUpdateCheck = 1430;
				LastUpgradeCheck = 1430;
				TargetAttributes = {
					09C644322AA9C92500562EC3 = {
						CreatedOnToolsVersion = 14.3.1;
						TestTargetID = 09CE696B2AA9AE8E0015F3F1;
					};
					09CE696B2AA9AE8E0015F3F1 = {
						CreatedOnToolsVersion = 14.3.1;
					};
				};
			};
			buildConfigurationList = 09CE69672AA9AE8E0015F3F1 /* Build configuration list for PBXProject "TCAGithubSearch" */;
			compatibilityVersion = "Xcode 14.0";
			developmentRegion = en;
			hasScannedForEncodings = 0;
			knownRegions = (
				en,
				Base,
			);
			mainGroup = 09CE69632AA9AE8E0015F3F1;
			packageReferences = (
				09CE69852AA9B26B0015F3F1 /* XCRemoteSwiftPackageReference "swift-composable-architecture" */,
			);
			productRefGroup = 09CE696D2AA9AE8E0015F3F1 /* Products */;
			projectDirPath = "";
			projectRoot = "";
			targets = (
				09CE696B2AA9AE8E0015F3F1 /* TCAGithubSearch */,
				09C644322AA9C92500562EC3 /* TCAGithubSearchTests */,
			);
		};
/* End PBXProject section */

/* Begin PBXResourcesBuildPhase section */
		09C644312AA9C92500562EC3 /* Resources */ = {
			isa = PBXResourcesBuildPhase;
			buildActionMask = 2147483647;
			files = (
			);
			runOnlyForDeploymentPostprocessing = 0;
		};
		09CE696A2AA9AE8E0015F3F1 /* Resources */ = {
			isa = PBXResourcesBuildPhase;
			buildActionMask = 2147483647;
			files = (
				09CE69782AA9AE8F0015F3F1 /* Preview Assets.xcassets in Resources */,
				09CE69742AA9AE8F0015F3F1 /* Assets.xcassets in Resources */,
			);
			runOnlyForDeploymentPostprocessing = 0;
		};
/* End PBXResourcesBuildPhase section */

/* Begin PBXSourcesBuildPhase section */
		09C6442F2AA9C92500562EC3 /* Sources */ = {
			isa = PBXSourcesBuildPhase;
			buildActionMask = 2147483647;
			files = (
				09C644362AA9C92500562EC3 /* TCAGithubSearchTests.swift in Sources */,
			);
			runOnlyForDeploymentPostprocessing = 0;
		};
		09CE69682AA9AE8E0015F3F1 /* Sources */ = {
			isa = PBXSourcesBuildPhase;
			buildActionMask = 2147483647;
			files = (
				09CE69722AA9AE8E0015F3F1 /* GithubSearchView.swift in Sources */,
				09CE69702AA9AE8E0015F3F1 /* TCAGithubSearchApp.swift in Sources */,
				09CE698F2AA9B35D0015F3F1 /* SearchClient.swift in Sources */,
				09CE69812AA9AFAE0015F3F1 /* APIErrror.swift in Sources */,
				09CE69832AA9B0350015F3F1 /* SearchEntity.swift in Sources */,
				09CE69892AA9B2940015F3F1 /* SearchStore.swift in Sources */,
			);
			runOnlyForDeploymentPostprocessing = 0;
		};
/* End PBXSourcesBuildPhase section */

/* Begin PBXTargetDependency section */
		09C644382AA9C92500562EC3 /* PBXTargetDependency */ = {
			isa = PBXTargetDependency;
			target = 09CE696B2AA9AE8E0015F3F1 /* TCAGithubSearch */;
			targetProxy = 09C644372AA9C92500562EC3 /* PBXContainerItemProxy */;
		};
/* End PBXTargetDependency section */

/* Begin XCBuildConfiguration section */
		09C644392AA9C92500562EC3 /* Debug */ = {
			isa = XCBuildConfiguration;
			buildSettings = {
				BUNDLE_LOADER = "$(TEST_HOST)";
				CODE_SIGN_STYLE = Automatic;
				CURRENT_PROJECT_VERSION = 1;
				DEVELOPMENT_TEAM = F7DAHNMXP5;
				GENERATE_INFOPLIST_FILE = YES;
				IPHONEOS_DEPLOYMENT_TARGET = 16.4;
				MARKETING_VERSION = 1.0;
				PRODUCT_BUNDLE_IDENTIFIER = com.test.TCAGithubSearchTests;
				PRODUCT_NAME = "$(TARGET_NAME)";
				SDKROOT = iphoneos;
				SWIFT_EMIT_LOC_STRINGS = NO;
				SWIFT_VERSION = 5.0;
				TARGETED_DEVICE_FAMILY = "1,2";
				TEST_HOST = "$(BUILT_PRODUCTS_DIR)/TCAGithubSearch.app/$(BUNDLE_EXECUTABLE_FOLDER_PATH)/TCAGithubSearch";
			};
			name = Debug;
		};
		09C6443A2AA9C92500562EC3 /* Release */ = {
			isa = XCBuildConfiguration;
			buildSettings = {
				BUNDLE_LOADER = "$(TEST_HOST)";
				CODE_SIGN_STYLE = Automatic;
				CURRENT_PROJECT_VERSION = 1;
				DEVELOPMENT_TEAM = F7DAHNMXP5;
				GENERATE_INFOPLIST_FILE = YES;
				IPHONEOS_DEPLOYMENT_TARGET = 16.4;
				MARKETING_VERSION = 1.0;
				PRODUCT_BUNDLE_IDENTIFIER = com.test.TCAGithubSearchTests;
				PRODUCT_NAME = "$(TARGET_NAME)";
				SDKROOT = iphoneos;
				SWIFT_EMIT_LOC_STRINGS = NO;
				SWIFT_VERSION = 5.0;
				TARGETED_DEVICE_FAMILY = "1,2";
				TEST_HOST = "$(BUILT_PRODUCTS_DIR)/TCAGithubSearch.app/$(BUNDLE_EXECUTABLE_FOLDER_PATH)/TCAGithubSearch";
				VALIDATE_PRODUCT = YES;
			};
			name = Release;
		};
		09CE69792AA9AE8F0015F3F1 /* Debug */ = {
			isa = XCBuildConfiguration;
			buildSettings = {
				ALWAYS_SEARCH_USER_PATHS = NO;
				CLANG_ANALYZER_NONNULL = YES;
				CLANG_ANALYZER_NUMBER_OBJECT_CONVERSION = YES_AGGRESSIVE;
				CLANG_CXX_LANGUAGE_STANDARD = "gnu++20";
				CLANG_ENABLE_MODULES = YES;
				CLANG_ENABLE_OBJC_ARC = YES;
				CLANG_ENABLE_OBJC_WEAK = YES;
				CLANG_WARN_BLOCK_CAPTURE_AUTORELEASING = YES;
				CLANG_WARN_BOOL_CONVERSION = YES;
				CLANG_WARN_COMMA = YES;
				CLANG_WARN_CONSTANT_CONVERSION = YES;
				CLANG_WARN_DEPRECATED_OBJC_IMPLEMENTATIONS = YES;
				CLANG_WARN_DIRECT_OBJC_ISA_USAGE = YES_ERROR;
				CLANG_WARN_DOCUMENTATION_COMMENTS = YES;
				CLANG_WARN_EMPTY_BODY = YES;
				CLANG_WARN_ENUM_CONVERSION = YES;
				CLANG_WARN_INFINITE_RECURSION = YES;
				CLANG_WARN_INT_CONVERSION = YES;
				CLANG_WARN_NON_LITERAL_NULL_CONVERSION = YES;
				CLANG_WARN_OBJC_IMPLICIT_RETAIN_SELF = YES;
				CLANG_WARN_OBJC_LITERAL_CONVERSION = YES;
				CLANG_WARN_OBJC_ROOT_CLASS = YES_ERROR;
				CLANG_WARN_QUOTED_INCLUDE_IN_FRAMEWORK_HEADER = YES;
				CLANG_WARN_RANGE_LOOP_ANALYSIS = YES;
				CLANG_WARN_STRICT_PROTOTYPES = YES;
				CLANG_WARN_SUSPICIOUS_MOVE = YES;
				CLANG_WARN_UNGUARDED_AVAILABILITY = YES_AGGRESSIVE;
				CLANG_WARN_UNREACHABLE_CODE = YES;
				CLANG_WARN__DUPLICATE_METHOD_MATCH = YES;
				COPY_PHASE_STRIP = NO;
				DEBUG_INFORMATION_FORMAT = dwarf;
				ENABLE_STRICT_OBJC_MSGSEND = YES;
				ENABLE_TESTABILITY = YES;
				GCC_C_LANGUAGE_STANDARD = gnu11;
				GCC_DYNAMIC_NO_PIC = NO;
				GCC_NO_COMMON_BLOCKS = YES;
				GCC_OPTIMIZATION_LEVEL = 0;
				GCC_PREPROCESSOR_DEFINITIONS = (
					"DEBUG=1",
					"$(inherited)",
				);
				GCC_WARN_64_TO_32_BIT_CONVERSION = YES;
				GCC_WARN_ABOUT_RETURN_TYPE = YES_ERROR;
				GCC_WARN_UNDECLARED_SELECTOR = YES;
				GCC_WARN_UNINITIALIZED_AUTOS = YES_AGGRESSIVE;
				GCC_WARN_UNUSED_FUNCTION = YES;
				GCC_WARN_UNUSED_VARIABLE = YES;
				MTL_ENABLE_DEBUG_INFO = INCLUDE_SOURCE;
				MTL_FAST_MATH = YES;
				ONLY_ACTIVE_ARCH = YES;
				SWIFT_ACTIVE_COMPILATION_CONDITIONS = DEBUG;
				SWIFT_OPTIMIZATION_LEVEL = "-Onone";
			};
			name = Debug;
		};
		09CE697A2AA9AE8F0015F3F1 /* Release */ = {
			isa = XCBuildConfiguration;
			buildSettings = {
				ALWAYS_SEARCH_USER_PATHS = NO;
				CLANG_ANALYZER_NONNULL = YES;
				CLANG_ANALYZER_NUMBER_OBJECT_CONVERSION = YES_AGGRESSIVE;
				CLANG_CXX_LANGUAGE_STANDARD = "gnu++20";
				CLANG_ENABLE_MODULES = YES;
				CLANG_ENABLE_OBJC_ARC = YES;
				CLANG_ENABLE_OBJC_WEAK = YES;
				CLANG_WARN_BLOCK_CAPTURE_AUTORELEASING = YES;
				CLANG_WARN_BOOL_CONVERSION = YES;
				CLANG_WARN_COMMA = YES;
				CLANG_WARN_CONSTANT_CONVERSION = YES;
				CLANG_WARN_DEPRECATED_OBJC_IMPLEMENTATIONS = YES;
				CLANG_WARN_DIRECT_OBJC_ISA_USAGE = YES_ERROR;
				CLANG_WARN_DOCUMENTATION_COMMENTS = YES;
				CLANG_WARN_EMPTY_BODY = YES;
				CLANG_WARN_ENUM_CONVERSION = YES;
				CLANG_WARN_INFINITE_RECURSION = YES;
				CLANG_WARN_INT_CONVERSION = YES;
				CLANG_WARN_NON_LITERAL_NULL_CONVERSION = YES;
				CLANG_WARN_OBJC_IMPLICIT_RETAIN_SELF = YES;
				CLANG_WARN_OBJC_LITERAL_CONVERSION = YES;
				CLANG_WARN_OBJC_ROOT_CLASS = YES_ERROR;
				CLANG_WARN_QUOTED_INCLUDE_IN_FRAMEWORK_HEADER = YES;
				CLANG_WARN_RANGE_LOOP_ANALYSIS = YES;
				CLANG_WARN_STRICT_PROTOTYPES = YES;
				CLANG_WARN_SUSPICIOUS_MOVE = YES;
				CLANG_WARN_UNGUARDED_AVAILABILITY = YES_AGGRESSIVE;
				CLANG_WARN_UNREACHABLE_CODE = YES;
				CLANG_WARN__DUPLICATE_METHOD_MATCH = YES;
				COPY_PHASE_STRIP = NO;
				DEBUG_INFORMATION_FORMAT = "dwarf-with-dsym";
				ENABLE_NS_ASSERTIONS = NO;
				ENABLE_STRICT_OBJC_MSGSEND = YES;
				GCC_C_LANGUAGE_STANDARD = gnu11;
				GCC_NO_COMMON_BLOCKS = YES;
				GCC_WARN_64_TO_32_BIT_CONVERSION = YES;
				GCC_WARN_ABOUT_RETURN_TYPE = YES_ERROR;
				GCC_WARN_UNDECLARED_SELECTOR = YES;
				GCC_WARN_UNINITIALIZED_AUTOS = YES_AGGRESSIVE;
				GCC_WARN_UNUSED_FUNCTION = YES;
				GCC_WARN_UNUSED_VARIABLE = YES;
				MTL_ENABLE_DEBUG_INFO = NO;
				MTL_FAST_MATH = YES;
				SWIFT_COMPILATION_MODE = wholemodule;
				SWIFT_OPTIMIZATION_LEVEL = "-O";
			};
			name = Release;
		};
		09CE697C2AA9AE8F0015F3F1 /* Debug */ = {
			isa = XCBuildConfiguration;
			buildSettings = {
				ASSETCATALOG_COMPILER_APPICON_NAME = AppIcon;
				ASSETCATALOG_COMPILER_GLOBAL_ACCENT_COLOR_NAME = AccentColor;
				CODE_SIGN_ENTITLEMENTS = TCAGithubSearch/TCAGithubSearch.entitlements;
				CODE_SIGN_STYLE = Automatic;
				CURRENT_PROJECT_VERSION = 1;
				DEVELOPMENT_ASSET_PATHS = "\"TCAGithubSearch/Preview Content\"";
				DEVELOPMENT_TEAM = F7DAHNMXP5;
				ENABLE_HARDENED_RUNTIME = YES;
				ENABLE_PREVIEWS = YES;
				GENERATE_INFOPLIST_FILE = YES;
				"INFOPLIST_KEY_UIApplicationSceneManifest_Generation[sdk=iphoneos*]" = YES;
				"INFOPLIST_KEY_UIApplicationSceneManifest_Generation[sdk=iphonesimulator*]" = YES;
				"INFOPLIST_KEY_UIApplicationSupportsIndirectInputEvents[sdk=iphoneos*]" = YES;
				"INFOPLIST_KEY_UIApplicationSupportsIndirectInputEvents[sdk=iphonesimulator*]" = YES;
				"INFOPLIST_KEY_UILaunchScreen_Generation[sdk=iphoneos*]" = YES;
				"INFOPLIST_KEY_UILaunchScreen_Generation[sdk=iphonesimulator*]" = YES;
				"INFOPLIST_KEY_UIStatusBarStyle[sdk=iphoneos*]" = UIStatusBarStyleDefault;
				"INFOPLIST_KEY_UIStatusBarStyle[sdk=iphonesimulator*]" = UIStatusBarStyleDefault;
				INFOPLIST_KEY_UISupportedInterfaceOrientations_iPad = "UIInterfaceOrientationPortrait UIInterfaceOrientationPortraitUpsideDown UIInterfaceOrientationLandscapeLeft UIInterfaceOrientationLandscapeRight";
				INFOPLIST_KEY_UISupportedInterfaceOrientations_iPhone = "UIInterfaceOrientationPortrait UIInterfaceOrientationLandscapeLeft UIInterfaceOrientationLandscapeRight";
				IPHONEOS_DEPLOYMENT_TARGET = 16.4;
				LD_RUNPATH_SEARCH_PATHS = "@executable_path/Frameworks";
				"LD_RUNPATH_SEARCH_PATHS[sdk=macosx*]" = "@executable_path/../Frameworks";
				MACOSX_DEPLOYMENT_TARGET = 13.0;
				MARKETING_VERSION = 1.0;
				PRODUCT_BUNDLE_IDENTIFIER = com.test.TCAGithubSearch;
				PRODUCT_NAME = "$(TARGET_NAME)";
				SDKROOT = auto;
				SUPPORTED_PLATFORMS = "iphoneos iphonesimulator macosx";
				SWIFT_EMIT_LOC_STRINGS = YES;
				SWIFT_VERSION = 5.0;
				TARGETED_DEVICE_FAMILY = "1,2";
			};
			name = Debug;
		};
		09CE697D2AA9AE8F0015F3F1 /* Release */ = {
			isa = XCBuildConfiguration;
			buildSettings = {
				ASSETCATALOG_COMPILER_APPICON_NAME = AppIcon;
				ASSETCATALOG_COMPILER_GLOBAL_ACCENT_COLOR_NAME = AccentColor;
				CODE_SIGN_ENTITLEMENTS = TCAGithubSearch/TCAGithubSearch.entitlements;
				CODE_SIGN_STYLE = Automatic;
				CURRENT_PROJECT_VERSION = 1;
				DEVELOPMENT_ASSET_PATHS = "\"TCAGithubSearch/Preview Content\"";
				DEVELOPMENT_TEAM = F7DAHNMXP5;
				ENABLE_HARDENED_RUNTIME = YES;
				ENABLE_PREVIEWS = YES;
				GENERATE_INFOPLIST_FILE = YES;
				"INFOPLIST_KEY_UIApplicationSceneManifest_Generation[sdk=iphoneos*]" = YES;
				"INFOPLIST_KEY_UIApplicationSceneManifest_Generation[sdk=iphonesimulator*]" = YES;
				"INFOPLIST_KEY_UIApplicationSupportsIndirectInputEvents[sdk=iphoneos*]" = YES;
				"INFOPLIST_KEY_UIApplicationSupportsIndirectInputEvents[sdk=iphonesimulator*]" = YES;
				"INFOPLIST_KEY_UILaunchScreen_Generation[sdk=iphoneos*]" = YES;
				"INFOPLIST_KEY_UILaunchScreen_Generation[sdk=iphonesimulator*]" = YES;
				"INFOPLIST_KEY_UIStatusBarStyle[sdk=iphoneos*]" = UIStatusBarStyleDefault;
				"INFOPLIST_KEY_UIStatusBarStyle[sdk=iphonesimulator*]" = UIStatusBarStyleDefault;
				INFOPLIST_KEY_UISupportedInterfaceOrientations_iPad = "UIInterfaceOrientationPortrait UIInterfaceOrientationPortraitUpsideDown UIInterfaceOrientationLandscapeLeft UIInterfaceOrientationLandscapeRight";
				INFOPLIST_KEY_UISupportedInterfaceOrientations_iPhone = "UIInterfaceOrientationPortrait UIInterfaceOrientationLandscapeLeft UIInterfaceOrientationLandscapeRight";
				IPHONEOS_DEPLOYMENT_TARGET = 16.4;
				LD_RUNPATH_SEARCH_PATHS = "@executable_path/Frameworks";
				"LD_RUNPATH_SEARCH_PATHS[sdk=macosx*]" = "@executable_path/../Frameworks";
				MACOSX_DEPLOYMENT_TARGET = 13.0;
				MARKETING_VERSION = 1.0;
				PRODUCT_BUNDLE_IDENTIFIER = com.test.TCAGithubSearch;
				PRODUCT_NAME = "$(TARGET_NAME)";
				SDKROOT = auto;
				SUPPORTED_PLATFORMS = "iphoneos iphonesimulator macosx";
				SWIFT_EMIT_LOC_STRINGS = YES;
				SWIFT_VERSION = 5.0;
				TARGETED_DEVICE_FAMILY = "1,2";
			};
			name = Release;
		};
/* End XCBuildConfiguration section */

/* Begin XCConfigurationList section */
		09C6443B2AA9C92500562EC3 /* Build configuration list for PBXNativeTarget "TCAGithubSearchTests" */ = {
			isa = XCConfigurationList;
			buildConfigurations = (
				09C644392AA9C92500562EC3 /* Debug */,
				09C6443A2AA9C92500562EC3 /* Release */,
			);
			defaultConfigurationIsVisible = 0;
			defaultConfigurationName = Release;
		};
		09CE69672AA9AE8E0015F3F1 /* Build configuration list for PBXProject "TCAGithubSearch" */ = {
			isa = XCConfigurationList;
			buildConfigurations = (
				09CE69792AA9AE8F0015F3F1 /* Debug */,
				09CE697A2AA9AE8F0015F3F1 /* Release */,
			);
			defaultConfigurationIsVisible = 0;
			defaultConfigurationName = Release;
		};
		09CE697B2AA9AE8F0015F3F1 /* Build configuration list for PBXNativeTarget "TCAGithubSearch" */ = {
			isa = XCConfigurationList;
			buildConfigurations = (
				09CE697C2AA9AE8F0015F3F1 /* Debug */,
				09CE697D2AA9AE8F0015F3F1 /* Release */,
			);
			defaultConfigurationIsVisible = 0;
			defaultConfigurationName = Release;
		};
/* End XCConfigurationList section */

/* Begin XCRemoteSwiftPackageReference section */
		09CE69852AA9B26B0015F3F1 /* XCRemoteSwiftPackageReference "swift-composable-architecture" */ = {
			isa = XCRemoteSwiftPackageReference;
			repositoryURL = "https://github.com/pointfreeco/swift-composable-architecture";
			requirement = {
				kind = upToNextMajorVersion;
				minimumVersion = 1.0.0;
			};
		};
/* End XCRemoteSwiftPackageReference section */

/* Begin XCSwiftPackageProductDependency section */
		09CE69862AA9B26B0015F3F1 /* ComposableArchitecture */ = {
			isa = XCSwiftPackageProductDependency;
			package = 09CE69852AA9B26B0015F3F1 /* XCRemoteSwiftPackageReference "swift-composable-architecture" */;
			productName = ComposableArchitecture;
		};
/* End XCSwiftPackageProductDependency section */
	};
	rootObject = 09CE69642AA9AE8E0015F3F1 /* Project object */;
}
